// !$*UTF8*$!
{
	archiveVersion = 1;
	classes = {
	};
	objectVersion = 50;
	objects = {

/* Begin PBXBuildFile section */
		901E859F25B1115000074649 /* Conexion.swift in Sources */ = {isa = PBXBuildFile; fileRef = 901E859E25B1114F00074649 /* Conexion.swift */; };
		907CAE6C25A109EA00B05DA3 /* AppDelegate.swift in Sources */ = {isa = PBXBuildFile; fileRef = 907CAE6B25A109EA00B05DA3 /* AppDelegate.swift */; };
		907CAE6E25A109EA00B05DA3 /* SceneDelegate.swift in Sources */ = {isa = PBXBuildFile; fileRef = 907CAE6D25A109EA00B05DA3 /* SceneDelegate.swift */; };
		907CAE7025A109EA00B05DA3 /* ViewController.swift in Sources */ = {isa = PBXBuildFile; fileRef = 907CAE6F25A109EA00B05DA3 /* ViewController.swift */; };
		907CAE7325A109EA00B05DA3 /* Main.storyboard in Resources */ = {isa = PBXBuildFile; fileRef = 907CAE7125A109EA00B05DA3 /* Main.storyboard */; };
		907CAE7525A109ED00B05DA3 /* Assets.xcassets in Resources */ = {isa = PBXBuildFile; fileRef = 907CAE7425A109ED00B05DA3 /* Assets.xcassets */; };
		907CAE7825A109ED00B05DA3 /* LaunchScreen.storyboard in Resources */ = {isa = PBXBuildFile; fileRef = 907CAE7625A109ED00B05DA3 /* LaunchScreen.storyboard */; };
		90DED3F925C9DE5C00469AA2 /* CamaraController.swift in Sources */ = {isa = PBXBuildFile; fileRef = 90DED3F825C9DE5C00469AA2 /* CamaraController.swift */; };
		90F9B98F25B7B1A400B2DEF7 /* Camara.swift in Sources */ = {isa = PBXBuildFile; fileRef = 90F9B98E25B7B1A300B2DEF7 /* Camara.swift */; };
/* End PBXBuildFile section */

/* Begin PBXFileReference section */
		901E859725B10C3600074649 /* ClaseConexion.playground */ = {isa = PBXFileReference; lastKnownFileType = file.playground; name = ClaseConexion.playground; path = ../../ClaseConexion.playground; sourceTree = "<group>"; xcLanguageSpecificationIdentifier = xcode.lang.swift; };
		901E859E25B1114F00074649 /* Conexion.swift */ = {isa = PBXFileReference; lastKnownFileType = sourcecode.swift; path = Conexion.swift; sourceTree = "<group>"; };
		907CAE6825A109EA00B05DA3 /* PeticionServidor.app */ = {isa = PBXFileReference; explicitFileType = wrapper.application; includeInIndex = 0; path = PeticionServidor.app; sourceTree = BUILT_PRODUCTS_DIR; };
		907CAE6B25A109EA00B05DA3 /* AppDelegate.swift */ = {isa = PBXFileReference; lastKnownFileType = sourcecode.swift; path = AppDelegate.swift; sourceTree = "<group>"; };
		907CAE6D25A109EA00B05DA3 /* SceneDelegate.swift */ = {isa = PBXFileReference; lastKnownFileType = sourcecode.swift; path = SceneDelegate.swift; sourceTree = "<group>"; };
		907CAE6F25A109EA00B05DA3 /* ViewController.swift */ = {isa = PBXFileReference; lastKnownFileType = sourcecode.swift; path = ViewController.swift; sourceTree = "<group>"; };
		907CAE7225A109EA00B05DA3 /* Base */ = {isa = PBXFileReference; lastKnownFileType = file.storyboard; name = Base; path = Base.lproj/Main.storyboard; sourceTree = "<group>"; };
		907CAE7425A109ED00B05DA3 /* Assets.xcassets */ = {isa = PBXFileReference; lastKnownFileType = folder.assetcatalog; path = Assets.xcassets; sourceTree = "<group>"; };
		907CAE7725A109ED00B05DA3 /* Base */ = {isa = PBXFileReference; lastKnownFileType = file.storyboard; name = Base; path = Base.lproj/LaunchScreen.storyboard; sourceTree = "<group>"; };
		907CAE7925A109ED00B05DA3 /* Info.plist */ = {isa = PBXFileReference; lastKnownFileType = text.plist.xml; path = Info.plist; sourceTree = "<group>"; };
		90DED3F825C9DE5C00469AA2 /* CamaraController.swift */ = {isa = PBXFileReference; lastKnownFileType = sourcecode.swift; path = CamaraController.swift; sourceTree = "<group>"; };
		90F9B98E25B7B1A300B2DEF7 /* Camara.swift */ = {isa = PBXFileReference; lastKnownFileType = sourcecode.swift; path = Camara.swift; sourceTree = "<group>"; };
/* End PBXFileReference section */

/* Begin PBXFrameworksBuildPhase section */
		907CAE6525A109EA00B05DA3 /* Frameworks */ = {
			isa = PBXFrameworksBuildPhase;
			buildActionMask = 2147483647;
			files = (
			);
			runOnlyForDeploymentPostprocessing = 0;
		};
/* End PBXFrameworksBuildPhase section */

/* Begin PBXGroup section */
		907CAE5F25A109EA00B05DA3 = {
			isa = PBXGroup;
			children = (
				907CAE6A25A109EA00B05DA3 /* PeticionServidor */,
				907CAE6925A109EA00B05DA3 /* Products */,
			);
			sourceTree = "<group>";
		};
		907CAE6925A109EA00B05DA3 /* Products */ = {
			isa = PBXGroup;
			children = (
				907CAE6825A109EA00B05DA3 /* PeticionServidor.app */,
			);
			name = Products;
			sourceTree = "<group>";
		};
		907CAE6A25A109EA00B05DA3 /* PeticionServidor */ = {
			isa = PBXGroup;
			children = (
				901E859E25B1114F00074649 /* Conexion.swift */,
				90DED3F825C9DE5C00469AA2 /* CamaraController.swift */,
				90F9B98E25B7B1A300B2DEF7 /* Camara.swift */,
				907CAE6B25A109EA00B05DA3 /* AppDelegate.swift */,
				907CAE6D25A109EA00B05DA3 /* SceneDelegate.swift */,
				907CAE6F25A109EA00B05DA3 /* ViewController.swift */,
				901E859725B10C3600074649 /* ClaseConexion.playground */,
				907CAE7125A109EA00B05DA3 /* Main.storyboard */,
				907CAE7425A109ED00B05DA3 /* Assets.xcassets */,
				907CAE7625A109ED00B05DA3 /* LaunchScreen.storyboard */,
				907CAE7925A109ED00B05DA3 /* Info.plist */,
			);
			path = PeticionServidor;
			sourceTree = "<group>";
		};
/* End PBXGroup section */

/* Begin PBXNativeTarget section */
		907CAE6725A109EA00B05DA3 /* PeticionServidor */ = {
			isa = PBXNativeTarget;
			buildConfigurationList = 907CAE7C25A109ED00B05DA3 /* Build configuration list for PBXNativeTarget "PeticionServidor" */;
			buildPhases = (
				907CAE6425A109EA00B05DA3 /* Sources */,
				907CAE6525A109EA00B05DA3 /* Frameworks */,
				907CAE6625A109EA00B05DA3 /* Resources */,
			);
			buildRules = (
			);
			dependencies = (
			);
			name = PeticionServidor;
			productName = PeticionServidor;
			productReference = 907CAE6825A109EA00B05DA3 /* PeticionServidor.app */;
			productType = "com.apple.product-type.application";
		};
/* End PBXNativeTarget section */

/* Begin PBXProject section */
		907CAE6025A109EA00B05DA3 /* Project object */ = {
			isa = PBXProject;
			attributes = {
				LastSwiftUpdateCheck = 1220;
				LastUpgradeCheck = 1220;
				TargetAttributes = {
					907CAE6725A109EA00B05DA3 = {
						CreatedOnToolsVersion = 12.2;
					};
				};
			};
			buildConfigurationList = 907CAE6325A109EA00B05DA3 /* Build configuration list for PBXProject "PeticionServidor" */;
			compatibilityVersion = "Xcode 9.3";
			developmentRegion = en;
			hasScannedForEncodings = 0;
			knownRegions = (
				en,
				Base,
			);
			mainGroup = 907CAE5F25A109EA00B05DA3;
			productRefGroup = 907CAE6925A109EA00B05DA3 /* Products */;
			projectDirPath = "";
			projectRoot = "";
			targets = (
				907CAE6725A109EA00B05DA3 /* PeticionServidor */,
			);
		};
/* End PBXProject section */

/* Begin PBXResourcesBuildPhase section */
		907CAE6625A109EA00B05DA3 /* Resources */ = {
			isa = PBXResourcesBuildPhase;
			buildActionMask = 2147483647;
			files = (
				907CAE7825A109ED00B05DA3 /* LaunchScreen.storyboard in Resources */,
				907CAE7525A109ED00B05DA3 /* Assets.xcassets in Resources */,
				907CAE7325A109EA00B05DA3 /* Main.storyboard in Resources */,
			);
			runOnlyForDeploymentPostprocessing = 0;
		};
/* End PBXResourcesBuildPhase section */

/* Begin PBXSourcesBuildPhase section */
		907CAE6425A109EA00B05DA3 /* Sources */ = {
			isa = PBXSourcesBuildPhase;
			buildActionMask = 2147483647;
			files = (
				90F9B98F25B7B1A400B2DEF7 /* Camara.swift in Sources */,
				901E859F25B1115000074649 /* Conexion.swift in Sources */,
				90DED3F925C9DE5C00469AA2 /* CamaraController.swift in Sources */,
				907CAE7025A109EA00B05DA3 /* ViewController.swift in Sources */,
				907CAE6C25A109EA00B05DA3 /* AppDelegate.swift in Sources */,
				907CAE6E25A109EA00B05DA3 /* SceneDelegate.swift in Sources */,
			);
			runOnlyForDeploymentPostprocessing = 0;
		};
/* End PBXSourcesBuildPhase section */

/* Begin PBXVariantGroup section */
		907CAE7125A109EA00B05DA3 /* Main.storyboard */ = {
			isa = PBXVariantGroup;
			children = (
				907CAE7225A109EA00B05DA3 /* Base */,
			);
			name = Main.storyboard;
			sourceTree = "<group>";
		};
		907CAE7625A109ED00B05DA3 /* LaunchScreen.storyboard */ = {
			isa = PBXVariantGroup;
			children = (
				907CAE7725A109ED00B05DA3 /* Base */,
			);
			name = LaunchScreen.storyboard;
			sourceTree = "<group>";
		};
/* End PBXVariantGroup section */

/* Begin XCBuildConfiguration section */
		907CAE7A25A109ED00B05DA3 /* Debug */ = {
			isa = XCBuildConfiguration;
			buildSettings = {
				ALWAYS_SEARCH_USER_PATHS = NO;
				CLANG_ANALYZER_NONNULL = YES;
				CLANG_ANALYZER_NUMBER_OBJECT_CONVERSION = YES_AGGRESSIVE;
				CLANG_CXX_LANGUAGE_STANDARD = "gnu++14";
				CLANG_CXX_LIBRARY = "libc++";
				CLANG_ENABLE_MODULES = YES;
				CLANG_ENABLE_OBJC_ARC = YES;
				CLANG_ENABLE_OBJC_WEAK = YES;
				CLANG_WARN_BLOCK_CAPTURE_AUTORELEASING = YES;
				CLANG_WARN_BOOL_CONVERSION = YES;
				CLANG_WARN_COMMA = YES;
				CLANG_WARN_CONSTANT_CONVERSION = YES;
				CLANG_WARN_DEPRECATED_OBJC_IMPLEMENTATIONS = YES;
				CLANG_WARN_DIRECT_OBJC_ISA_USAGE = YES_ERROR;
				CLANG_WARN_DOCUMENTATION_COMMENTS = YES;
				CLANG_WARN_EMPTY_BODY = YES;
				CLANG_WARN_ENUM_CONVERSION = YES;
				CLANG_WARN_INFINITE_RECURSION = YES;
				CLANG_WARN_INT_CONVERSION = YES;
				CLANG_WARN_NON_LITERAL_NULL_CONVERSION = YES;
				CLANG_WARN_OBJC_IMPLICIT_RETAIN_SELF = YES;
				CLANG_WARN_OBJC_LITERAL_CONVERSION = YES;
				CLANG_WARN_OBJC_ROOT_CLASS = YES_ERROR;
				CLANG_WARN_QUOTED_INCLUDE_IN_FRAMEWORK_HEADER = YES;
				CLANG_WARN_RANGE_LOOP_ANALYSIS = YES;
				CLANG_WARN_STRICT_PROTOTYPES = YES;
				CLANG_WARN_SUSPICIOUS_MOVE = YES;
				CLANG_WARN_UNGUARDED_AVAILABILITY = YES_AGGRESSIVE;
				CLANG_WARN_UNREACHABLE_CODE = YES;
				CLANG_WARN__DUPLICATE_METHOD_MATCH = YES;
				COPY_PHASE_STRIP = NO;
				DEBUG_INFORMATION_FORMAT = dwarf;
				ENABLE_STRICT_OBJC_MSGSEND = YES;
				ENABLE_TESTABILITY = YES;
				GCC_C_LANGUAGE_STANDARD = gnu11;
				GCC_DYNAMIC_NO_PIC = NO;
				GCC_NO_COMMON_BLOCKS = YES;
				GCC_OPTIMIZATION_LEVEL = 0;
				GCC_PREPROCESSOR_DEFINITIONS = (
					"DEBUG=1",
					"$(inherited)",
				);
				GCC_WARN_64_TO_32_BIT_CONVERSION = YES;
				GCC_WARN_ABOUT_RETURN_TYPE = YES_ERROR;
				GCC_WARN_UNDECLARED_SELECTOR = YES;
				GCC_WARN_UNINITIALIZED_AUTOS = YES_AGGRESSIVE;
				GCC_WARN_UNUSED_FUNCTION = YES;
				GCC_WARN_UNUSED_VARIABLE = YES;
				IPHONEOS_DEPLOYMENT_TARGET = 13.0;
				MTL_ENABLE_DEBUG_INFO = INCLUDE_SOURCE;
				MTL_FAST_MATH = YES;
				ONLY_ACTIVE_ARCH = YES;
				SDKROOT = iphoneos;
				SWIFT_ACTIVE_COMPILATION_CONDITIONS = DEBUG;
				SWIFT_OPTIMIZATION_LEVEL = "-Onone";
			};
			name = Debug;
		};
		907CAE7B25A109ED00B05DA3 /* Release */ = {
			isa = XCBuildConfiguration;
			buildSettings = {
				ALWAYS_SEARCH_USER_PATHS = NO;
				CLANG_ANALYZER_NONNULL = YES;
				CLANG_ANALYZER_NUMBER_OBJECT_CONVERSION = YES_AGGRESSIVE;
				CLANG_CXX_LANGUAGE_STANDARD = "gnu++14";
				CLANG_CXX_LIBRARY = "libc++";
				CLANG_ENABLE_MODULES = YES;
				CLANG_ENABLE_OBJC_ARC = YES;
				CLANG_ENABLE_OBJC_WEAK = YES;
				CLANG_WARN_BLOCK_CAPTURE_AUTORELEASING = YES;
				CLANG_WARN_BOOL_CONVERSION = YES;
				CLANG_WARN_COMMA = YES;
				CLANG_WARN_CONSTANT_CONVERSION = YES;
				CLANG_WARN_DEPRECATED_OBJC_IMPLEMENTATIONS = YES;
				CLANG_WARN_DIRECT_OBJC_ISA_USAGE = YES_ERROR;
				CLANG_WARN_DOCUMENTATION_COMMENTS = YES;
				CLANG_WARN_EMPTY_BODY = YES;
				CLANG_WARN_ENUM_CONVERSION = YES;
				CLANG_WARN_INFINITE_RECURSION = YES;
				CLANG_WARN_INT_CONVERSION = YES;
				CLANG_WARN_NON_LITERAL_NULL_CONVERSION = YES;
				CLANG_WARN_OBJC_IMPLICIT_RETAIN_SELF = YES;
				CLANG_WARN_OBJC_LITERAL_CONVERSION = YES;
				CLANG_WARN_OBJC_ROOT_CLASS = YES_ERROR;
				CLANG_WARN_QUOTED_INCLUDE_IN_FRAMEWORK_HEADER = YES;
				CLANG_WARN_RANGE_LOOP_ANALYSIS = YES;
				CLANG_WARN_STRICT_PROTOTYPES = YES;
				CLANG_WARN_SUSPICIOUS_MOVE = YES;
				CLANG_WARN_UNGUARDED_AVAILABILITY = YES_AGGRESSIVE;
				CLANG_WARN_UNREACHABLE_CODE = YES;
				CLANG_WARN__DUPLICATE_METHOD_MATCH = YES;
				COPY_PHASE_STRIP = NO;
				DEBUG_INFORMATION_FORMAT = "dwarf-with-dsym";
				ENABLE_NS_ASSERTIONS = NO;
				ENABLE_STRICT_OBJC_MSGSEND = YES;
				GCC_C_LANGUAGE_STANDARD = gnu11;
				GCC_NO_COMMON_BLOCKS = YES;
				GCC_WARN_64_TO_32_BIT_CONVERSION = YES;
				GCC_WARN_ABOUT_RETURN_TYPE = YES_ERROR;
				GCC_WARN_UNDECLARED_SELECTOR = YES;
				GCC_WARN_UNINITIALIZED_AUTOS = YES_AGGRESSIVE;
				GCC_WARN_UNUSED_FUNCTION = YES;
				GCC_WARN_UNUSED_VARIABLE = YES;
				IPHONEOS_DEPLOYMENT_TARGET = 13.0;
				MTL_ENABLE_DEBUG_INFO = NO;
				MTL_FAST_MATH = YES;
				SDKROOT = iphoneos;
				SWIFT_COMPILATION_MODE = wholemodule;
				SWIFT_OPTIMIZATION_LEVEL = "-O";
				VALIDATE_PRODUCT = YES;
			};
			name = Release;
		};
		907CAE7D25A109ED00B05DA3 /* Debug */ = {
			isa = XCBuildConfiguration;
			buildSettings = {
				ASSETCATALOG_COMPILER_APPICON_NAME = AppIcon;
				ASSETCATALOG_COMPILER_GLOBAL_ACCENT_COLOR_NAME = AccentColor;
				CODE_SIGN_STYLE = Automatic;
				DEVELOPMENT_TEAM = DNJLBH2LR9;
				INFOPLIST_FILE = PeticionServidor/Info.plist;
				IPHONEOS_DEPLOYMENT_TARGET = 13.0;
				LD_RUNPATH_SEARCH_PATHS = (
					"$(inherited)",
					"@executable_path/Frameworks",
				);
				PRODUCT_BUNDLE_IDENTIFIER = prueas.com;
				PRODUCT_NAME = "$(TARGET_NAME)";
				SWIFT_VERSION = 5.0;
				TARGETED_DEVICE_FAMILY = "1,2";
			};
			name = Debug;
		};
		907CAE7E25A109ED00B05DA3 /* Release */ = {
			isa = XCBuildConfiguration;
			buildSettings = {
				ASSETCATALOG_COMPILER_APPICON_NAME = AppIcon;
				ASSETCATALOG_COMPILER_GLOBAL_ACCENT_COLOR_NAME = AccentColor;
				CODE_SIGN_STYLE = Automatic;
				DEVELOPMENT_TEAM = DNJLBH2LR9;
				INFOPLIST_FILE = PeticionServidor/Info.plist;
				IPHONEOS_DEPLOYMENT_TARGET = 13.0;
				LD_RUNPATH_SEARCH_PATHS = (
					"$(inherited)",
					"@executable_path/Frameworks",
				);
				PRODUCT_BUNDLE_IDENTIFIER = prueas.com;
				PRODUCT_NAME = "$(TARGET_NAME)";
				SWIFT_VERSION = 5.0;
				TARGETED_DEVICE_FAMILY = "1,2";
			};
			name = Release;
		};
/* End XCBuildConfiguration section */

/* Begin XCConfigurationList section */
		907CAE6325A109EA00B05DA3 /* Build configuration list for PBXProject "PeticionServidor" */ = {
			isa = XCConfigurationList;
			buildConfigurations = (
				907CAE7A25A109ED00B05DA3 /* Debug */,
				907CAE7B25A109ED00B05DA3 /* Release */,
			);
			defaultConfigurationIsVisible = 0;
			defaultConfigurationName = Release;
		};
		907CAE7C25A109ED00B05DA3 /* Build configuration list for PBXNativeTarget "PeticionServidor" */ = {
			isa = XCConfigurationList;
			buildConfigurations = (
				907CAE7D25A109ED00B05DA3 /* Debug */,
				907CAE7E25A109ED00B05DA3 /* Release */,
			);
			defaultConfigurationIsVisible = 0;
			defaultConfigurationName = Release;
		};
/* End XCConfigurationList section */
	};
	rootObject = 907CAE6025A109EA00B05DA3 /* Project object */;
}
